// !$*UTF8*$!
{
	archiveVersion = 1;
	classes = {
	};
	objectVersion = 46;
	objects = {

/* Begin PBXBuildFile section */
		E2151E6D19B8EF5E00837578 /* Card.m in Sources */ = {isa = PBXBuildFile; fileRef = E2151E6419B8EF5E00837578 /* Card.m */; };
		E2151E6E19B8EF5E00837578 /* CardMatchingGame.m in Sources */ = {isa = PBXBuildFile; fileRef = E2151E6619B8EF5E00837578 /* CardMatchingGame.m */; };
		E2151E6F19B8EF5E00837578 /* Deck.m in Sources */ = {isa = PBXBuildFile; fileRef = E2151E6819B8EF5E00837578 /* Deck.m */; };
		E2151E7019B8EF5E00837578 /* PlayingCard.m in Sources */ = {isa = PBXBuildFile; fileRef = E2151E6A19B8EF5E00837578 /* PlayingCard.m */; };
		E2151E7119B8EF5E00837578 /* PlayingCardDeck.m in Sources */ = {isa = PBXBuildFile; fileRef = E2151E6C19B8EF5E00837578 /* PlayingCardDeck.m */; };
		E215259B19B67A710003CE1A /* Foundation.framework in Frameworks */ = {isa = PBXBuildFile; fileRef = E215259A19B67A710003CE1A /* Foundation.framework */; };
		E215259D19B67A710003CE1A /* CoreGraphics.framework in Frameworks */ = {isa = PBXBuildFile; fileRef = E215259C19B67A710003CE1A /* CoreGraphics.framework */; };
		E215259F19B67A710003CE1A /* UIKit.framework in Frameworks */ = {isa = PBXBuildFile; fileRef = E215259E19B67A710003CE1A /* UIKit.framework */; };
		E21525A519B67A710003CE1A /* InfoPlist.strings in Resources */ = {isa = PBXBuildFile; fileRef = E21525A319B67A710003CE1A /* InfoPlist.strings */; };
		E21525A719B67A710003CE1A /* main.m in Sources */ = {isa = PBXBuildFile; fileRef = E21525A619B67A710003CE1A /* main.m */; };
		E21525AB19B67A710003CE1A /* CardGameAppDelegate.m in Sources */ = {isa = PBXBuildFile; fileRef = E21525AA19B67A710003CE1A /* CardGameAppDelegate.m */; };
		E21525AE19B67A710003CE1A /* Main.storyboard in Resources */ = {isa = PBXBuildFile; fileRef = E21525AC19B67A710003CE1A /* Main.storyboard */; };
		E21525B119B67A710003CE1A /* CardGameViewController.m in Sources */ = {isa = PBXBuildFile; fileRef = E21525B019B67A710003CE1A /* CardGameViewController.m */; };
		E21525B319B67A710003CE1A /* Images.xcassets in Resources */ = {isa = PBXBuildFile; fileRef = E21525B219B67A710003CE1A /* Images.xcassets */; };
		E21525BA19B67A710003CE1A /* XCTest.framework in Frameworks */ = {isa = PBXBuildFile; fileRef = E21525B919B67A710003CE1A /* XCTest.framework */; };
		E21525BB19B67A710003CE1A /* Foundation.framework in Frameworks */ = {isa = PBXBuildFile; fileRef = E215259A19B67A710003CE1A /* Foundation.framework */; };
		E21525BC19B67A710003CE1A /* UIKit.framework in Frameworks */ = {isa = PBXBuildFile; fileRef = E215259E19B67A710003CE1A /* UIKit.framework */; };
		E21525C419B67A710003CE1A /* InfoPlist.strings in Resources */ = {isa = PBXBuildFile; fileRef = E21525C219B67A710003CE1A /* InfoPlist.strings */; };
		E21525C619B67A710003CE1A /* CardGameTests.m in Sources */ = {isa = PBXBuildFile; fileRef = E21525C519B67A710003CE1A /* CardGameTests.m */; };
/* End PBXBuildFile section */

/* Begin PBXContainerItemProxy section */
		E21525BD19B67A710003CE1A /* PBXContainerItemProxy */ = {
			isa = PBXContainerItemProxy;
			containerPortal = E215258F19B67A710003CE1A /* Project object */;
			proxyType = 1;
			remoteGlobalIDString = E215259619B67A710003CE1A;
			remoteInfo = CardGame;
		};
/* End PBXContainerItemProxy section */

/* Begin PBXFileReference section */
		E2151E6319B8EF5E00837578 /* Card.h */ = {isa = PBXFileReference; fileEncoding = 4; lastKnownFileType = sourcecode.c.h; path = Card.h; sourceTree = "<group>"; };
		E2151E6419B8EF5E00837578 /* Card.m */ = {isa = PBXFileReference; fileEncoding = 4; lastKnownFileType = sourcecode.c.objc; path = Card.m; sourceTree = "<group>"; };
		E2151E6519B8EF5E00837578 /* CardMatchingGame.h */ = {isa = PBXFileReference; fileEncoding = 4; lastKnownFileType = sourcecode.c.h; path = CardMatchingGame.h; sourceTree = "<group>"; };
		E2151E6619B8EF5E00837578 /* CardMatchingGame.m */ = {isa = PBXFileReference; fileEncoding = 4; lastKnownFileType = sourcecode.c.objc; path = CardMatchingGame.m; sourceTree = "<group>"; };
		E2151E6719B8EF5E00837578 /* Deck.h */ = {isa = PBXFileReference; fileEncoding = 4; lastKnownFileType = sourcecode.c.h; path = Deck.h; sourceTree = "<group>"; };
		E2151E6819B8EF5E00837578 /* Deck.m */ = {isa = PBXFileReference; fileEncoding = 4; lastKnownFileType = sourcecode.c.objc; path = Deck.m; sourceTree = "<group>"; };
		E2151E6919B8EF5E00837578 /* PlayingCard.h */ = {isa = PBXFileReference; fileEncoding = 4; lastKnownFileType = sourcecode.c.h; path = PlayingCard.h; sourceTree = "<group>"; };
		E2151E6A19B8EF5E00837578 /* PlayingCard.m */ = {isa = PBXFileReference; fileEncoding = 4; lastKnownFileType = sourcecode.c.objc; path = PlayingCard.m; sourceTree = "<group>"; };
		E2151E6B19B8EF5E00837578 /* PlayingCardDeck.h */ = {isa = PBXFileReference; fileEncoding = 4; lastKnownFileType = sourcecode.c.h; path = PlayingCardDeck.h; sourceTree = "<group>"; };
		E2151E6C19B8EF5E00837578 /* PlayingCardDeck.m */ = {isa = PBXFileReference; fileEncoding = 4; lastKnownFileType = sourcecode.c.objc; path = PlayingCardDeck.m; sourceTree = "<group>"; };
		E215259719B67A710003CE1A /* CardGame.app */ = {isa = PBXFileReference; explicitFileType = wrapper.application; includeInIndex = 0; path = CardGame.app; sourceTree = BUILT_PRODUCTS_DIR; };
		E215259A19B67A710003CE1A /* Foundation.framework */ = {isa = PBXFileReference; lastKnownFileType = wrapper.framework; name = Foundation.framework; path = System/Library/Frameworks/Foundation.framework; sourceTree = SDKROOT; };
		E215259C19B67A710003CE1A /* CoreGraphics.framework */ = {isa = PBXFileReference; lastKnownFileType = wrapper.framework; name = CoreGraphics.framework; path = System/Library/Frameworks/CoreGraphics.framework; sourceTree = SDKROOT; };
		E215259E19B67A710003CE1A /* UIKit.framework */ = {isa = PBXFileReference; lastKnownFileType = wrapper.framework; name = UIKit.framework; path = System/Library/Frameworks/UIKit.framework; sourceTree = SDKROOT; };
		E21525A219B67A710003CE1A /* CardGame-Info.plist */ = {isa = PBXFileReference; lastKnownFileType = text.plist.xml; path = "CardGame-Info.plist"; sourceTree = "<group>"; };
		E21525A419B67A710003CE1A /* en */ = {isa = PBXFileReference; lastKnownFileType = text.plist.strings; name = en; path = en.lproj/InfoPlist.strings; sourceTree = "<group>"; };
		E21525A619B67A710003CE1A /* main.m */ = {isa = PBXFileReference; lastKnownFileType = sourcecode.c.objc; path = main.m; sourceTree = "<group>"; };
		E21525A819B67A710003CE1A /* CardGame-Prefix.pch */ = {isa = PBXFileReference; lastKnownFileType = sourcecode.c.h; path = "CardGame-Prefix.pch"; sourceTree = "<group>"; };
		E21525A919B67A710003CE1A /* CardGameAppDelegate.h */ = {isa = PBXFileReference; lastKnownFileType = sourcecode.c.h; path = CardGameAppDelegate.h; sourceTree = "<group>"; };
		E21525AA19B67A710003CE1A /* CardGameAppDelegate.m */ = {isa = PBXFileReference; lastKnownFileType = sourcecode.c.objc; path = CardGameAppDelegate.m; sourceTree = "<group>"; };
		E21525AD19B67A710003CE1A /* Base */ = {isa = PBXFileReference; lastKnownFileType = file.storyboard; name = Base; path = Base.lproj/Main.storyboard; sourceTree = "<group>"; };
		E21525AF19B67A710003CE1A /* CardGameViewController.h */ = {isa = PBXFileReference; lastKnownFileType = sourcecode.c.h; path = CardGameViewController.h; sourceTree = "<group>"; };
		E21525B019B67A710003CE1A /* CardGameViewController.m */ = {isa = PBXFileReference; lastKnownFileType = sourcecode.c.objc; path = CardGameViewController.m; sourceTree = "<group>"; };
		E21525B219B67A710003CE1A /* Images.xcassets */ = {isa = PBXFileReference; lastKnownFileType = folder.assetcatalog; path = Images.xcassets; sourceTree = "<group>"; };
		E21525B819B67A710003CE1A /* CardGameTests.xctest */ = {isa = PBXFileReference; explicitFileType = wrapper.cfbundle; includeInIndex = 0; path = CardGameTests.xctest; sourceTree = BUILT_PRODUCTS_DIR; };
		E21525B919B67A710003CE1A /* XCTest.framework */ = {isa = PBXFileReference; lastKnownFileType = wrapper.framework; name = XCTest.framework; path = Library/Frameworks/XCTest.framework; sourceTree = DEVELOPER_DIR; };
		E21525C119B67A710003CE1A /* CardGameTests-Info.plist */ = {isa = PBXFileReference; lastKnownFileType = text.plist.xml; path = "CardGameTests-Info.plist"; sourceTree = "<group>"; };
		E21525C319B67A710003CE1A /* en */ = {isa = PBXFileReference; lastKnownFileType = text.plist.strings; name = en; path = en.lproj/InfoPlist.strings; sourceTree = "<group>"; };
		E21525C519B67A710003CE1A /* CardGameTests.m */ = {isa = PBXFileReference; lastKnownFileType = sourcecode.c.objc; path = CardGameTests.m; sourceTree = "<group>"; };
/* End PBXFileReference section */

/* Begin PBXFrameworksBuildPhase section */
		E215259419B67A710003CE1A /* Frameworks */ = {
			isa = PBXFrameworksBuildPhase;
			buildActionMask = 2147483647;
			files = (
				E215259D19B67A710003CE1A /* CoreGraphics.framework in Frameworks */,
				E215259F19B67A710003CE1A /* UIKit.framework in Frameworks */,
				E215259B19B67A710003CE1A /* Foundation.framework in Frameworks */,
			);
			runOnlyForDeploymentPostprocessing = 0;
		};
		E21525B519B67A710003CE1A /* Frameworks */ = {
			isa = PBXFrameworksBuildPhase;
			buildActionMask = 2147483647;
			files = (
				E21525BA19B67A710003CE1A /* XCTest.framework in Frameworks */,
				E21525BC19B67A710003CE1A /* UIKit.framework in Frameworks */,
				E21525BB19B67A710003CE1A /* Foundation.framework in Frameworks */,
			);
			runOnlyForDeploymentPostprocessing = 0;
		};
/* End PBXFrameworksBuildPhase section */

/* Begin PBXGroup section */
		E2151E6219B8EF5E00837578 /* Model */ = {
			isa = PBXGroup;
			children = (
				E2151E6319B8EF5E00837578 /* Card.h */,
				E2151E6419B8EF5E00837578 /* Card.m */,
				E2151E6519B8EF5E00837578 /* CardMatchingGame.h */,
				E2151E6619B8EF5E00837578 /* CardMatchingGame.m */,
				E2151E6719B8EF5E00837578 /* Deck.h */,
				E2151E6819B8EF5E00837578 /* Deck.m */,
				E2151E6919B8EF5E00837578 /* PlayingCard.h */,
				E2151E6A19B8EF5E00837578 /* PlayingCard.m */,
				E2151E6B19B8EF5E00837578 /* PlayingCardDeck.h */,
				E2151E6C19B8EF5E00837578 /* PlayingCardDeck.m */,
			);
			path = Model;
			sourceTree = "<group>";
		};
		E215258E19B67A710003CE1A = {
			isa = PBXGroup;
			children = (
				E21525A019B67A710003CE1A /* CardGame */,
				E21525BF19B67A710003CE1A /* CardGameTests */,
				E215259919B67A710003CE1A /* Frameworks */,
				E215259819B67A710003CE1A /* Products */,
			);
			sourceTree = "<group>";
		};
		E215259819B67A710003CE1A /* Products */ = {
			isa = PBXGroup;
			children = (
				E215259719B67A710003CE1A /* CardGame.app */,
				E21525B819B67A710003CE1A /* CardGameTests.xctest */,
			);
			name = Products;
			sourceTree = "<group>";
		};
		E215259919B67A710003CE1A /* Frameworks */ = {
			isa = PBXGroup;
			children = (
				E215259A19B67A710003CE1A /* Foundation.framework */,
				E215259C19B67A710003CE1A /* CoreGraphics.framework */,
				E215259E19B67A710003CE1A /* UIKit.framework */,
				E21525B919B67A710003CE1A /* XCTest.framework */,
			);
			name = Frameworks;
			sourceTree = "<group>";
		};
		E21525A019B67A710003CE1A /* CardGame */ = {
			isa = PBXGroup;
			children = (
				E2151E6219B8EF5E00837578 /* Model */,
				E21525AC19B67A710003CE1A /* Main.storyboard */,
				E21525AF19B67A710003CE1A /* CardGameViewController.h */,
				E21525B019B67A710003CE1A /* CardGameViewController.m */,
				E21525B219B67A710003CE1A /* Images.xcassets */,
				E21525A119B67A710003CE1A /* Supporting Files */,
			);
			path = CardGame;
			sourceTree = "<group>";
		};
		E21525A119B67A710003CE1A /* Supporting Files */ = {
			isa = PBXGroup;
			children = (
				E21525A919B67A710003CE1A /* CardGameAppDelegate.h */,
				E21525AA19B67A710003CE1A /* CardGameAppDelegate.m */,
				E21525A219B67A710003CE1A /* CardGame-Info.plist */,
				E21525A319B67A710003CE1A /* InfoPlist.strings */,
				E21525A619B67A710003CE1A /* main.m */,
				E21525A819B67A710003CE1A /* CardGame-Prefix.pch */,
			);
			name = "Supporting Files";
			sourceTree = "<group>";
		};
		E21525BF19B67A710003CE1A /* CardGameTests */ = {
			isa = PBXGroup;
			children = (
				E21525C519B67A710003CE1A /* CardGameTests.m */,
				E21525C019B67A710003CE1A /* Supporting Files */,
			);
			path = CardGameTests;
			sourceTree = "<group>";
		};
		E21525C019B67A710003CE1A /* Supporting Files */ = {
			isa = PBXGroup;
			children = (
				E21525C119B67A710003CE1A /* CardGameTests-Info.plist */,
				E21525C219B67A710003CE1A /* InfoPlist.strings */,
			);
			name = "Supporting Files";
			sourceTree = "<group>";
		};
/* End PBXGroup section */

/* Begin PBXNativeTarget section */
		E215259619B67A710003CE1A /* CardGame */ = {
			isa = PBXNativeTarget;
			buildConfigurationList = E21525C919B67A710003CE1A /* Build configuration list for PBXNativeTarget "CardGame" */;
			buildPhases = (
				E215259319B67A710003CE1A /* Sources */,
				E215259419B67A710003CE1A /* Frameworks */,
				E215259519B67A710003CE1A /* Resources */,
			);
			buildRules = (
			);
			dependencies = (
			);
			name = CardGame;
			productName = CardGame;
			productReference = E215259719B67A710003CE1A /* CardGame.app */;
			productType = "com.apple.product-type.application";
		};
		E21525B719B67A710003CE1A /* CardGameTests */ = {
			isa = PBXNativeTarget;
			buildConfigurationList = E21525CC19B67A710003CE1A /* Build configuration list for PBXNativeTarget "CardGameTests" */;
			buildPhases = (
				E21525B419B67A710003CE1A /* Sources */,
				E21525B519B67A710003CE1A /* Frameworks */,
				E21525B619B67A710003CE1A /* Resources */,
			);
			buildRules = (
			);
			dependencies = (
				E21525BE19B67A710003CE1A /* PBXTargetDependency */,
			);
			name = CardGameTests;
			productName = CardGameTests;
			productReference = E21525B819B67A710003CE1A /* CardGameTests.xctest */;
			productType = "com.apple.product-type.bundle.unit-test";
		};
/* End PBXNativeTarget section */

/* Begin PBXProject section */
		E215258F19B67A710003CE1A /* Project object */ = {
			isa = PBXProject;
			attributes = {
				CLASSPREFIX = CardGame;
				LastUpgradeCheck = 0510;
				ORGANIZATIONNAME = "Sebastian J Herrera Cano";
				TargetAttributes = {
					E21525B719B67A710003CE1A = {
						TestTargetID = E215259619B67A710003CE1A;
					};
				};
			};
			buildConfigurationList = E215259219B67A710003CE1A /* Build configuration list for PBXProject "CardGame" */;
			compatibilityVersion = "Xcode 3.2";
			developmentRegion = English;
			hasScannedForEncodings = 0;
			knownRegions = (
				en,
				Base,
			);
			mainGroup = E215258E19B67A710003CE1A;
			productRefGroup = E215259819B67A710003CE1A /* Products */;
			projectDirPath = "";
			projectRoot = "";
			targets = (
				E215259619B67A710003CE1A /* CardGame */,
				E21525B719B67A710003CE1A /* CardGameTests */,
			);
		};
/* End PBXProject section */

/* Begin PBXResourcesBuildPhase section */
		E215259519B67A710003CE1A /* Resources */ = {
			isa = PBXResourcesBuildPhase;
			buildActionMask = 2147483647;
			files = (
				E21525B319B67A710003CE1A /* Images.xcassets in Resources */,
				E21525A519B67A710003CE1A /* InfoPlist.strings in Resources */,
				E21525AE19B67A710003CE1A /* Main.storyboard in Resources */,
			);
			runOnlyForDeploymentPostprocessing = 0;
		};
		E21525B619B67A710003CE1A /* Resources */ = {
			isa = PBXResourcesBuildPhase;
			buildActionMask = 2147483647;
			files = (
				E21525C419B67A710003CE1A /* InfoPlist.strings in Resources */,
			);
			runOnlyForDeploymentPostprocessing = 0;
		};
/* End PBXResourcesBuildPhase section */

/* Begin PBXSourcesBuildPhase section */
		E215259319B67A710003CE1A /* Sources */ = {
			isa = PBXSourcesBuildPhase;
			buildActionMask = 2147483647;
			files = (
				E21525AB19B67A710003CE1A /* CardGameAppDelegate.m in Sources */,
				E2151E7119B8EF5E00837578 /* PlayingCardDeck.m in Sources */,
				E21525B119B67A710003CE1A /* CardGameViewController.m in Sources */,
				E2151E7019B8EF5E00837578 /* PlayingCard.m in Sources */,
				E2151E6E19B8EF5E00837578 /* CardMatchingGame.m in Sources */,
				E21525A719B67A710003CE1A /* main.m in Sources */,
				E2151E6F19B8EF5E00837578 /* Deck.m in Sources */,
				E2151E6D19B8EF5E00837578 /* Card.m in Sources */,
			);
			runOnlyForDeploymentPostprocessing = 0;
		};
		E21525B419B67A710003CE1A /* Sources */ = {
			isa = PBXSourcesBuildPhase;
			buildActionMask = 2147483647;
			files = (
				E21525C619B67A710003CE1A /* CardGameTests.m in Sources */,
			);
			runOnlyForDeploymentPostprocessing = 0;
		};
/* End PBXSourcesBuildPhase section */

/* Begin PBXTargetDependency section */
		E21525BE19B67A710003CE1A /* PBXTargetDependency */ = {
			isa = PBXTargetDependency;
			target = E215259619B67A710003CE1A /* CardGame */;
			targetProxy = E21525BD19B67A710003CE1A /* PBXContainerItemProxy */;
		};
/* End PBXTargetDependency section */

/* Begin PBXVariantGroup section */
		E21525A319B67A710003CE1A /* InfoPlist.strings */ = {
			isa = PBXVariantGroup;
			children = (
				E21525A419B67A710003CE1A /* en */,
			);
			name = InfoPlist.strings;
			sourceTree = "<group>";
		};
		E21525AC19B67A710003CE1A /* Main.storyboard */ = {
			isa = PBXVariantGroup;
			children = (
				E21525AD19B67A710003CE1A /* Base */,
			);
			name = Main.storyboard;
			sourceTree = "<group>";
		};
		E21525C219B67A710003CE1A /* InfoPlist.strings */ = {
			isa = PBXVariantGroup;
			children = (
				E21525C319B67A710003CE1A /* en */,
			);
			name = InfoPlist.strings;
			sourceTree = "<group>";
		};
/* End PBXVariantGroup section */

/* Begin XCBuildConfiguration section */
		E21525C719B67A710003CE1A /* Debug */ = {
			isa = XCBuildConfiguration;
			buildSettings = {
				ALWAYS_SEARCH_USER_PATHS = NO;
				CLANG_CXX_LANGUAGE_STANDARD = "gnu++0x";
				CLANG_CXX_LIBRARY = "libc++";
				CLANG_ENABLE_MODULES = YES;
				CLANG_ENABLE_OBJC_ARC = YES;
				CLANG_WARN_BOOL_CONVERSION = YES;
				CLANG_WARN_CONSTANT_CONVERSION = YES;
				CLANG_WARN_DIRECT_OBJC_ISA_USAGE = YES_ERROR;
				CLANG_WARN_EMPTY_BODY = YES;
				CLANG_WARN_ENUM_CONVERSION = YES;
				CLANG_WARN_INT_CONVERSION = YES;
				CLANG_WARN_OBJC_ROOT_CLASS = YES_ERROR;
				CLANG_WARN__DUPLICATE_METHOD_MATCH = YES;
				"CODE_SIGN_IDENTITY[sdk=iphoneos*]" = "iPhone Developer";
				COPY_PHASE_STRIP = NO;
				GCC_C_LANGUAGE_STANDARD = gnu99;
				GCC_DYNAMIC_NO_PIC = NO;
				GCC_OPTIMIZATION_LEVEL = 0;
				GCC_PREPROCESSOR_DEFINITIONS = (
					"DEBUG=1",
					"$(inherited)",
				);
				GCC_SYMBOLS_PRIVATE_EXTERN = NO;
				GCC_WARN_64_TO_32_BIT_CONVERSION = YES;
				GCC_WARN_ABOUT_RETURN_TYPE = YES_ERROR;
				GCC_WARN_UNDECLARED_SELECTOR = YES;
				GCC_WARN_UNINITIALIZED_AUTOS = YES_AGGRESSIVE;
				GCC_WARN_UNUSED_FUNCTION = YES;
				GCC_WARN_UNUSED_VARIABLE = YES;
				IPHONEOS_DEPLOYMENT_TARGET = 7.1;
				ONLY_ACTIVE_ARCH = YES;
				SDKROOT = iphoneos;
			};
			name = Debug;
		};
		E21525C819B67A710003CE1A /* Release */ = {
			isa = XCBuildConfiguration;
			buildSettings = {
				ALWAYS_SEARCH_USER_PATHS = NO;
				CLANG_CXX_LANGUAGE_STANDARD = "gnu++0x";
				CLANG_CXX_LIBRARY = "libc++";
				CLANG_ENABLE_MODULES = YES;
				CLANG_ENABLE_OBJC_ARC = YES;
				CLANG_WARN_BOOL_CONVERSION = YES;
				CLANG_WARN_CONSTANT_CONVERSION = YES;
				CLANG_WARN_DIRECT_OBJC_ISA_USAGE = YES_ERROR;
				CLANG_WARN_EMPTY_BODY = YES;
				CLANG_WARN_ENUM_CONVERSION = YES;
				CLANG_WARN_INT_CONVERSION = YES;
				CLANG_WARN_OBJC_ROOT_CLASS = YES_ERROR;
				CLANG_WARN__DUPLICATE_METHOD_MATCH = YES;
				"CODE_SIGN_IDENTITY[sdk=iphoneos*]" = "iPhone Developer";
				COPY_PHASE_STRIP = YES;
				ENABLE_NS_ASSERTIONS = NO;
				GCC_C_LANGUAGE_STANDARD = gnu99;
				GCC_WARN_64_TO_32_BIT_CONVERSION = YES;
				GCC_WARN_ABOUT_RETURN_TYPE = YES_ERROR;
				GCC_WARN_UNDECLARED_SELECTOR = YES;
				GCC_WARN_UNINITIALIZED_AUTOS = YES_AGGRESSIVE;
				GCC_WARN_UNUSED_FUNCTION = YES;
				GCC_WARN_UNUSED_VARIABLE = YES;
				IPHONEOS_DEPLOYMENT_TARGET = 7.1;
				SDKROOT = iphoneos;
				VALIDATE_PRODUCT = YES;
			};
			name = Release;
		};
		E21525CA19B67A710003CE1A /* Debug */ = {
			isa = XCBuildConfiguration;
			buildSettings = {
				ASSETCATALOG_COMPILER_APPICON_NAME = AppIcon;
				ASSETCATALOG_COMPILER_LAUNCHIMAGE_NAME = LaunchImage;
				GCC_PRECOMPILE_PREFIX_HEADER = YES;
				GCC_PREFIX_HEADER = "CardGame/CardGame-Prefix.pch";
				INFOPLIST_FILE = "CardGame/CardGame-Info.plist";
				PRODUCT_NAME = "$(TARGET_NAME)";
				WRAPPER_EXTENSION = app;
			};
			name = Debug;
		};
		E21525CB19B67A710003CE1A /* Release */ = {
			isa = XCBuildConfiguration;
			buildSettings = {
				ASSETCATALOG_COMPILER_APPICON_NAME = AppIcon;
				ASSETCATALOG_COMPILER_LAUNCHIMAGE_NAME = LaunchImage;
				GCC_PRECOMPILE_PREFIX_HEADER = YES;
				GCC_PREFIX_HEADER = "CardGame/CardGame-Prefix.pch";
				INFOPLIST_FILE = "CardGame/CardGame-Info.plist";
				PRODUCT_NAME = "$(TARGET_NAME)";
				WRAPPER_EXTENSION = app;
			};
			name = Release;
		};
		E21525CD19B67A710003CE1A /* Debug */ = {
			isa = XCBuildConfiguration;
			buildSettings = {
				BUNDLE_LOADER = "$(BUILT_PRODUCTS_DIR)/CardGame.app/CardGame";
				FRAMEWORK_SEARCH_PATHS = (
					"$(SDKROOT)/Developer/Library/Frameworks",
					"$(inherited)",
					"$(DEVELOPER_FRAMEWORKS_DIR)",
				);
				GCC_PRECOMPILE_PREFIX_HEADER = YES;
				GCC_PREFIX_HEADER = "CardGame/CardGame-Prefix.pch";
				GCC_PREPROCESSOR_DEFINITIONS = (
					"DEBUG=1",
					"$(inherited)",
				);
				INFOPLIST_FILE = "CardGameTests/CardGameTests-Info.plist";
				PRODUCT_NAME = "$(TARGET_NAME)";
				TEST_HOST = "$(BUNDLE_LOADER)";
				WRAPPER_EXTENSION = xctest;
			};
			name = Debug;
		};
		E21525CE19B67A710003CE1A /* Release */ = {
			isa = XCBuildConfiguration;
			buildSettings = {
				BUNDLE_LOADER = "$(BUILT_PRODUCTS_DIR)/CardGame.app/CardGame";
				FRAMEWORK_SEARCH_PATHS = (
					"$(SDKROOT)/Developer/Library/Frameworks",
					"$(inherited)",
					"$(DEVELOPER_FRAMEWORKS_DIR)",
				);
				GCC_PRECOMPILE_PREFIX_HEADER = YES;
				GCC_PREFIX_HEADER = "CardGame/CardGame-Prefix.pch";
				INFOPLIST_FILE = "CardGameTests/CardGameTests-Info.plist";
				PRODUCT_NAME = "$(TARGET_NAME)";
				TEST_HOST = "$(BUNDLE_LOADER)";
				WRAPPER_EXTENSION = xctest;
			};
			name = Release;
		};
/* End XCBuildConfiguration section */

/* Begin XCConfigurationList section */
		E215259219B67A710003CE1A /* Build configuration list for PBXProject "CardGame" */ = {
			isa = XCConfigurationList;
			buildConfigurations = (
				E21525C719B67A710003CE1A /* Debug */,
				E21525C819B67A710003CE1A /* Release */,
			);
			defaultConfigurationIsVisible = 0;
			defaultConfigurationName = Release;
		};
		E21525C919B67A710003CE1A /* Build configuration list for PBXNativeTarget "CardGame" */ = {
			isa = XCConfigurationList;
			buildConfigurations = (
				E21525CA19B67A710003CE1A /* Debug */,
				E21525CB19B67A710003CE1A /* Release */,
			);
			defaultConfigurationIsVisible = 0;
			defaultConfigurationName = Release;
		};
		E21525CC19B67A710003CE1A /* Build configuration list for PBXNativeTarget "CardGameTests" */ = {
			isa = XCConfigurationList;
			buildConfigurations = (
				E21525CD19B67A710003CE1A /* Debug */,
				E21525CE19B67A710003CE1A /* Release */,
			);
			defaultConfigurationIsVisible = 0;
			defaultConfigurationName = Release;
		};
/* End XCConfigurationList section */
	};
	rootObject = E215258F19B67A710003CE1A /* Project object */;
}
