// !$*UTF8*$!
{
	archiveVersion = 1;
	classes = {
	};
	objectVersion = 46;
	objects = {

/* Begin PBXBuildFile section */
		E2CA95EB19B61EB3009740A0 /* Foundation.framework in Frameworks */ = {isa = PBXBuildFile; fileRef = E2CA95EA19B61EB3009740A0 /* Foundation.framework */; };
		E2CA95ED19B61EB3009740A0 /* CoreGraphics.framework in Frameworks */ = {isa = PBXBuildFile; fileRef = E2CA95EC19B61EB3009740A0 /* CoreGraphics.framework */; };
		E2CA95EF19B61EB3009740A0 /* UIKit.framework in Frameworks */ = {isa = PBXBuildFile; fileRef = E2CA95EE19B61EB3009740A0 /* UIKit.framework */; };
		E2CA95F519B61EB3009740A0 /* InfoPlist.strings in Resources */ = {isa = PBXBuildFile; fileRef = E2CA95F319B61EB3009740A0 /* InfoPlist.strings */; };
		E2CA95F719B61EB3009740A0 /* main.m in Sources */ = {isa = PBXBuildFile; fileRef = E2CA95F619B61EB3009740A0 /* main.m */; };
		E2CA95FB19B61EB3009740A0 /* CardGameAppDelegate.m in Sources */ = {isa = PBXBuildFile; fileRef = E2CA95FA19B61EB3009740A0 /* CardGameAppDelegate.m */; };
		E2CA95FE19B61EB3009740A0 /* Main.storyboard in Resources */ = {isa = PBXBuildFile; fileRef = E2CA95FC19B61EB3009740A0 /* Main.storyboard */; };
		E2CA960119B61EB3009740A0 /* CardGameViewController.m in Sources */ = {isa = PBXBuildFile; fileRef = E2CA960019B61EB3009740A0 /* CardGameViewController.m */; };
		E2CA960319B61EB3009740A0 /* Images.xcassets in Resources */ = {isa = PBXBuildFile; fileRef = E2CA960219B61EB3009740A0 /* Images.xcassets */; };
		E2CA960A19B61EB3009740A0 /* XCTest.framework in Frameworks */ = {isa = PBXBuildFile; fileRef = E2CA960919B61EB3009740A0 /* XCTest.framework */; };
		E2CA960B19B61EB3009740A0 /* Foundation.framework in Frameworks */ = {isa = PBXBuildFile; fileRef = E2CA95EA19B61EB3009740A0 /* Foundation.framework */; };
		E2CA960C19B61EB3009740A0 /* UIKit.framework in Frameworks */ = {isa = PBXBuildFile; fileRef = E2CA95EE19B61EB3009740A0 /* UIKit.framework */; };
		E2CA961419B61EB3009740A0 /* InfoPlist.strings in Resources */ = {isa = PBXBuildFile; fileRef = E2CA961219B61EB3009740A0 /* InfoPlist.strings */; };
		E2CA961619B61EB3009740A0 /* DemoMatchismoTests.m in Sources */ = {isa = PBXBuildFile; fileRef = E2CA961519B61EB3009740A0 /* DemoMatchismoTests.m */; };
		E2D1696119BB241100695737 /* Card.m in Sources */ = {isa = PBXBuildFile; fileRef = E2D1695819BB241100695737 /* Card.m */; };
		E2D1696219BB241100695737 /* CardMatchingGame.m in Sources */ = {isa = PBXBuildFile; fileRef = E2D1695A19BB241100695737 /* CardMatchingGame.m */; };
		E2D1696319BB241100695737 /* Deck.m in Sources */ = {isa = PBXBuildFile; fileRef = E2D1695C19BB241100695737 /* Deck.m */; };
		E2D1696419BB241100695737 /* PlayingCard.m in Sources */ = {isa = PBXBuildFile; fileRef = E2D1695E19BB241100695737 /* PlayingCard.m */; };
		E2D1696519BB241100695737 /* PlayingCardDeck.m in Sources */ = {isa = PBXBuildFile; fileRef = E2D1696019BB241100695737 /* PlayingCardDeck.m */; };
/* End PBXBuildFile section */

/* Begin PBXContainerItemProxy section */
		E2CA960D19B61EB3009740A0 /* PBXContainerItemProxy */ = {
			isa = PBXContainerItemProxy;
			containerPortal = E2CA95DF19B61EB3009740A0 /* Project object */;
			proxyType = 1;
			remoteGlobalIDString = E2CA95E619B61EB3009740A0;
			remoteInfo = DemoMatchismo;
		};
/* End PBXContainerItemProxy section */

/* Begin PBXFileReference section */
		E2CA95E719B61EB3009740A0 /* DemoMatchismo.app */ = {isa = PBXFileReference; explicitFileType = wrapper.application; includeInIndex = 0; path = DemoMatchismo.app; sourceTree = BUILT_PRODUCTS_DIR; };
		E2CA95EA19B61EB3009740A0 /* Foundation.framework */ = {isa = PBXFileReference; lastKnownFileType = wrapper.framework; name = Foundation.framework; path = System/Library/Frameworks/Foundation.framework; sourceTree = SDKROOT; };
		E2CA95EC19B61EB3009740A0 /* CoreGraphics.framework */ = {isa = PBXFileReference; lastKnownFileType = wrapper.framework; name = CoreGraphics.framework; path = System/Library/Frameworks/CoreGraphics.framework; sourceTree = SDKROOT; };
		E2CA95EE19B61EB3009740A0 /* UIKit.framework */ = {isa = PBXFileReference; lastKnownFileType = wrapper.framework; name = UIKit.framework; path = System/Library/Frameworks/UIKit.framework; sourceTree = SDKROOT; };
		E2CA95F219B61EB3009740A0 /* DemoMatchismo-Info.plist */ = {isa = PBXFileReference; lastKnownFileType = text.plist.xml; path = "DemoMatchismo-Info.plist"; sourceTree = "<group>"; };
		E2CA95F419B61EB3009740A0 /* en */ = {isa = PBXFileReference; lastKnownFileType = text.plist.strings; name = en; path = en.lproj/InfoPlist.strings; sourceTree = "<group>"; };
		E2CA95F619B61EB3009740A0 /* main.m */ = {isa = PBXFileReference; lastKnownFileType = sourcecode.c.objc; path = main.m; sourceTree = "<group>"; };
		E2CA95F819B61EB3009740A0 /* DemoMatchismo-Prefix.pch */ = {isa = PBXFileReference; lastKnownFileType = sourcecode.c.h; path = "DemoMatchismo-Prefix.pch"; sourceTree = "<group>"; };
		E2CA95F919B61EB3009740A0 /* CardGameAppDelegate.h */ = {isa = PBXFileReference; lastKnownFileType = sourcecode.c.h; path = CardGameAppDelegate.h; sourceTree = "<group>"; };
		E2CA95FA19B61EB3009740A0 /* CardGameAppDelegate.m */ = {isa = PBXFileReference; lastKnownFileType = sourcecode.c.objc; path = CardGameAppDelegate.m; sourceTree = "<group>"; };
		E2CA95FD19B61EB3009740A0 /* Base */ = {isa = PBXFileReference; lastKnownFileType = file.storyboard; name = Base; path = Base.lproj/Main.storyboard; sourceTree = "<group>"; };
		E2CA95FF19B61EB3009740A0 /* CardGameViewController.h */ = {isa = PBXFileReference; lastKnownFileType = sourcecode.c.h; path = CardGameViewController.h; sourceTree = "<group>"; };
		E2CA960019B61EB3009740A0 /* CardGameViewController.m */ = {isa = PBXFileReference; lastKnownFileType = sourcecode.c.objc; path = CardGameViewController.m; sourceTree = "<group>"; };
		E2CA960219B61EB3009740A0 /* Images.xcassets */ = {isa = PBXFileReference; lastKnownFileType = folder.assetcatalog; path = Images.xcassets; sourceTree = "<group>"; };
		E2CA960819B61EB3009740A0 /* DemoMatchismoTests.xctest */ = {isa = PBXFileReference; explicitFileType = wrapper.cfbundle; includeInIndex = 0; path = DemoMatchismoTests.xctest; sourceTree = BUILT_PRODUCTS_DIR; };
		E2CA960919B61EB3009740A0 /* XCTest.framework */ = {isa = PBXFileReference; lastKnownFileType = wrapper.framework; name = XCTest.framework; path = Library/Frameworks/XCTest.framework; sourceTree = DEVELOPER_DIR; };
		E2CA961119B61EB3009740A0 /* DemoMatchismoTests-Info.plist */ = {isa = PBXFileReference; lastKnownFileType = text.plist.xml; path = "DemoMatchismoTests-Info.plist"; sourceTree = "<group>"; };
		E2CA961319B61EB3009740A0 /* en */ = {isa = PBXFileReference; lastKnownFileType = text.plist.strings; name = en; path = en.lproj/InfoPlist.strings; sourceTree = "<group>"; };
		E2CA961519B61EB3009740A0 /* DemoMatchismoTests.m */ = {isa = PBXFileReference; lastKnownFileType = sourcecode.c.objc; path = DemoMatchismoTests.m; sourceTree = "<group>"; };
		E2D1695719BB241100695737 /* Card.h */ = {isa = PBXFileReference; fileEncoding = 4; lastKnownFileType = sourcecode.c.h; path = Card.h; sourceTree = "<group>"; };
		E2D1695819BB241100695737 /* Card.m */ = {isa = PBXFileReference; fileEncoding = 4; lastKnownFileType = sourcecode.c.objc; path = Card.m; sourceTree = "<group>"; };
		E2D1695919BB241100695737 /* CardMatchingGame.h */ = {isa = PBXFileReference; fileEncoding = 4; lastKnownFileType = sourcecode.c.h; path = CardMatchingGame.h; sourceTree = "<group>"; };
		E2D1695A19BB241100695737 /* CardMatchingGame.m */ = {isa = PBXFileReference; fileEncoding = 4; lastKnownFileType = sourcecode.c.objc; path = CardMatchingGame.m; sourceTree = "<group>"; };
		E2D1695B19BB241100695737 /* Deck.h */ = {isa = PBXFileReference; fileEncoding = 4; lastKnownFileType = sourcecode.c.h; path = Deck.h; sourceTree = "<group>"; };
		E2D1695C19BB241100695737 /* Deck.m */ = {isa = PBXFileReference; fileEncoding = 4; lastKnownFileType = sourcecode.c.objc; path = Deck.m; sourceTree = "<group>"; };
		E2D1695D19BB241100695737 /* PlayingCard.h */ = {isa = PBXFileReference; fileEncoding = 4; lastKnownFileType = sourcecode.c.h; path = PlayingCard.h; sourceTree = "<group>"; };
		E2D1695E19BB241100695737 /* PlayingCard.m */ = {isa = PBXFileReference; fileEncoding = 4; lastKnownFileType = sourcecode.c.objc; path = PlayingCard.m; sourceTree = "<group>"; };
		E2D1695F19BB241100695737 /* PlayingCardDeck.h */ = {isa = PBXFileReference; fileEncoding = 4; lastKnownFileType = sourcecode.c.h; path = PlayingCardDeck.h; sourceTree = "<group>"; };
		E2D1696019BB241100695737 /* PlayingCardDeck.m */ = {isa = PBXFileReference; fileEncoding = 4; lastKnownFileType = sourcecode.c.objc; path = PlayingCardDeck.m; sourceTree = "<group>"; };
/* End PBXFileReference section */

/* Begin PBXFrameworksBuildPhase section */
		E2CA95E419B61EB3009740A0 /* Frameworks */ = {
			isa = PBXFrameworksBuildPhase;
			buildActionMask = 2147483647;
			files = (
				E2CA95ED19B61EB3009740A0 /* CoreGraphics.framework in Frameworks */,
				E2CA95EF19B61EB3009740A0 /* UIKit.framework in Frameworks */,
				E2CA95EB19B61EB3009740A0 /* Foundation.framework in Frameworks */,
			);
			runOnlyForDeploymentPostprocessing = 0;
		};
		E2CA960519B61EB3009740A0 /* Frameworks */ = {
			isa = PBXFrameworksBuildPhase;
			buildActionMask = 2147483647;
			files = (
				E2CA960A19B61EB3009740A0 /* XCTest.framework in Frameworks */,
				E2CA960C19B61EB3009740A0 /* UIKit.framework in Frameworks */,
				E2CA960B19B61EB3009740A0 /* Foundation.framework in Frameworks */,
			);
			runOnlyForDeploymentPostprocessing = 0;
		};
/* End PBXFrameworksBuildPhase section */

/* Begin PBXGroup section */
		E2CA95DE19B61EB2009740A0 = {
			isa = PBXGroup;
			children = (
				E2CA95F019B61EB3009740A0 /* DemoMatchismo */,
				E2CA960F19B61EB3009740A0 /* DemoMatchismoTests */,
				E2CA95E919B61EB3009740A0 /* Frameworks */,
				E2CA95E819B61EB3009740A0 /* Products */,
			);
			sourceTree = "<group>";
		};
		E2CA95E819B61EB3009740A0 /* Products */ = {
			isa = PBXGroup;
			children = (
				E2CA95E719B61EB3009740A0 /* DemoMatchismo.app */,
				E2CA960819B61EB3009740A0 /* DemoMatchismoTests.xctest */,
			);
			name = Products;
			sourceTree = "<group>";
		};
		E2CA95E919B61EB3009740A0 /* Frameworks */ = {
			isa = PBXGroup;
			children = (
				E2CA95EA19B61EB3009740A0 /* Foundation.framework */,
				E2CA95EC19B61EB3009740A0 /* CoreGraphics.framework */,
				E2CA95EE19B61EB3009740A0 /* UIKit.framework */,
				E2CA960919B61EB3009740A0 /* XCTest.framework */,
			);
			name = Frameworks;
			sourceTree = "<group>";
		};
		E2CA95F019B61EB3009740A0 /* DemoMatchismo */ = {
			isa = PBXGroup;
			children = (
				E2D1695619BB241100695737 /* Model */,
				E2CA95FC19B61EB3009740A0 /* Main.storyboard */,
				E2CA95FF19B61EB3009740A0 /* CardGameViewController.h */,
				E2CA960019B61EB3009740A0 /* CardGameViewController.m */,
				E2CA960219B61EB3009740A0 /* Images.xcassets */,
				E2CA95F119B61EB3009740A0 /* Supporting Files */,
			);
			path = DemoMatchismo;
			sourceTree = "<group>";
		};
		E2CA95F119B61EB3009740A0 /* Supporting Files */ = {
			isa = PBXGroup;
			children = (
				E2CA95F919B61EB3009740A0 /* CardGameAppDelegate.h */,
				E2CA95FA19B61EB3009740A0 /* CardGameAppDelegate.m */,
				E2CA95F219B61EB3009740A0 /* DemoMatchismo-Info.plist */,
				E2CA95F319B61EB3009740A0 /* InfoPlist.strings */,
				E2CA95F619B61EB3009740A0 /* main.m */,
				E2CA95F819B61EB3009740A0 /* DemoMatchismo-Prefix.pch */,
			);
			name = "Supporting Files";
			sourceTree = "<group>";
		};
		E2CA960F19B61EB3009740A0 /* DemoMatchismoTests */ = {
			isa = PBXGroup;
			children = (
				E2CA961519B61EB3009740A0 /* DemoMatchismoTests.m */,
				E2CA961019B61EB3009740A0 /* Supporting Files */,
			);
			path = DemoMatchismoTests;
			sourceTree = "<group>";
		};
		E2CA961019B61EB3009740A0 /* Supporting Files */ = {
			isa = PBXGroup;
			children = (
				E2CA961119B61EB3009740A0 /* DemoMatchismoTests-Info.plist */,
				E2CA961219B61EB3009740A0 /* InfoPlist.strings */,
			);
			name = "Supporting Files";
			sourceTree = "<group>";
		};
		E2D1695619BB241100695737 /* Model */ = {
			isa = PBXGroup;
			children = (
				E2D1695719BB241100695737 /* Card.h */,
				E2D1695819BB241100695737 /* Card.m */,
				E2D1695919BB241100695737 /* CardMatchingGame.h */,
				E2D1695A19BB241100695737 /* CardMatchingGame.m */,
				E2D1695B19BB241100695737 /* Deck.h */,
				E2D1695C19BB241100695737 /* Deck.m */,
				E2D1695D19BB241100695737 /* PlayingCard.h */,
				E2D1695E19BB241100695737 /* PlayingCard.m */,
				E2D1695F19BB241100695737 /* PlayingCardDeck.h */,
				E2D1696019BB241100695737 /* PlayingCardDeck.m */,
			);
			path = Model;
			sourceTree = "<group>";
		};
/* End PBXGroup section */

/* Begin PBXNativeTarget section */
		E2CA95E619B61EB3009740A0 /* DemoMatchismo */ = {
			isa = PBXNativeTarget;
			buildConfigurationList = E2CA961919B61EB3009740A0 /* Build configuration list for PBXNativeTarget "DemoMatchismo" */;
			buildPhases = (
				E2CA95E319B61EB3009740A0 /* Sources */,
				E2CA95E419B61EB3009740A0 /* Frameworks */,
				E2CA95E519B61EB3009740A0 /* Resources */,
			);
			buildRules = (
			);
			dependencies = (
			);
			name = DemoMatchismo;
			productName = DemoMatchismo;
			productReference = E2CA95E719B61EB3009740A0 /* DemoMatchismo.app */;
			productType = "com.apple.product-type.application";
		};
		E2CA960719B61EB3009740A0 /* DemoMatchismoTests */ = {
			isa = PBXNativeTarget;
			buildConfigurationList = E2CA961C19B61EB3009740A0 /* Build configuration list for PBXNativeTarget "DemoMatchismoTests" */;
			buildPhases = (
				E2CA960419B61EB3009740A0 /* Sources */,
				E2CA960519B61EB3009740A0 /* Frameworks */,
				E2CA960619B61EB3009740A0 /* Resources */,
			);
			buildRules = (
			);
			dependencies = (
				E2CA960E19B61EB3009740A0 /* PBXTargetDependency */,
			);
			name = DemoMatchismoTests;
			productName = DemoMatchismoTests;
			productReference = E2CA960819B61EB3009740A0 /* DemoMatchismoTests.xctest */;
			productType = "com.apple.product-type.bundle.unit-test";
		};
/* End PBXNativeTarget section */

/* Begin PBXProject section */
		E2CA95DF19B61EB3009740A0 /* Project object */ = {
			isa = PBXProject;
			attributes = {
				CLASSPREFIX = CardGame;
				LastUpgradeCheck = 0510;
				ORGANIZATIONNAME = "Sebastian J Herrera Cano";
				TargetAttributes = {
					E2CA960719B61EB3009740A0 = {
						TestTargetID = E2CA95E619B61EB3009740A0;
					};
				};
			};
			buildConfigurationList = E2CA95E219B61EB3009740A0 /* Build configuration list for PBXProject "DemoMatchismo" */;
			compatibilityVersion = "Xcode 3.2";
			developmentRegion = English;
			hasScannedForEncodings = 0;
			knownRegions = (
				en,
				Base,
			);
			mainGroup = E2CA95DE19B61EB2009740A0;
			productRefGroup = E2CA95E819B61EB3009740A0 /* Products */;
			projectDirPath = "";
			projectRoot = "";
			targets = (
				E2CA95E619B61EB3009740A0 /* DemoMatchismo */,
				E2CA960719B61EB3009740A0 /* DemoMatchismoTests */,
			);
		};
/* End PBXProject section */

/* Begin PBXResourcesBuildPhase section */
		E2CA95E519B61EB3009740A0 /* Resources */ = {
			isa = PBXResourcesBuildPhase;
			buildActionMask = 2147483647;
			files = (
				E2CA960319B61EB3009740A0 /* Images.xcassets in Resources */,
				E2CA95F519B61EB3009740A0 /* InfoPlist.strings in Resources */,
				E2CA95FE19B61EB3009740A0 /* Main.storyboard in Resources */,
			);
			runOnlyForDeploymentPostprocessing = 0;
		};
		E2CA960619B61EB3009740A0 /* Resources */ = {
			isa = PBXResourcesBuildPhase;
			buildActionMask = 2147483647;
			files = (
				E2CA961419B61EB3009740A0 /* InfoPlist.strings in Resources */,
			);
			runOnlyForDeploymentPostprocessing = 0;
		};
/* End PBXResourcesBuildPhase section */

/* Begin PBXSourcesBuildPhase section */
		E2CA95E319B61EB3009740A0 /* Sources */ = {
			isa = PBXSourcesBuildPhase;
			buildActionMask = 2147483647;
			files = (
				E2CA95FB19B61EB3009740A0 /* CardGameAppDelegate.m in Sources */,
				E2D1696519BB241100695737 /* PlayingCardDeck.m in Sources */,
				E2CA960119B61EB3009740A0 /* CardGameViewController.m in Sources */,
				E2D1696419BB241100695737 /* PlayingCard.m in Sources */,
				E2D1696219BB241100695737 /* CardMatchingGame.m in Sources */,
				E2CA95F719B61EB3009740A0 /* main.m in Sources */,
				E2D1696319BB241100695737 /* Deck.m in Sources */,
				E2D1696119BB241100695737 /* Card.m in Sources */,
			);
			runOnlyForDeploymentPostprocessing = 0;
		};
		E2CA960419B61EB3009740A0 /* Sources */ = {
			isa = PBXSourcesBuildPhase;
			buildActionMask = 2147483647;
			files = (
				E2CA961619B61EB3009740A0 /* DemoMatchismoTests.m in Sources */,
			);
			runOnlyForDeploymentPostprocessing = 0;
		};
/* End PBXSourcesBuildPhase section */

/* Begin PBXTargetDependency section */
		E2CA960E19B61EB3009740A0 /* PBXTargetDependency */ = {
			isa = PBXTargetDependency;
			target = E2CA95E619B61EB3009740A0 /* DemoMatchismo */;
			targetProxy = E2CA960D19B61EB3009740A0 /* PBXContainerItemProxy */;
		};
/* End PBXTargetDependency section */

/* Begin PBXVariantGroup section */
		E2CA95F319B61EB3009740A0 /* InfoPlist.strings */ = {
			isa = PBXVariantGroup;
			children = (
				E2CA95F419B61EB3009740A0 /* en */,
			);
			name = InfoPlist.strings;
			sourceTree = "<group>";
		};
		E2CA95FC19B61EB3009740A0 /* Main.storyboard */ = {
			isa = PBXVariantGroup;
			children = (
				E2CA95FD19B61EB3009740A0 /* Base */,
			);
			name = Main.storyboard;
			sourceTree = "<group>";
		};
		E2CA961219B61EB3009740A0 /* InfoPlist.strings */ = {
			isa = PBXVariantGroup;
			children = (
				E2CA961319B61EB3009740A0 /* en */,
			);
			name = InfoPlist.strings;
			sourceTree = "<group>";
		};
/* End PBXVariantGroup section */

/* Begin XCBuildConfiguration section */
		E2CA961719B61EB3009740A0 /* Debug */ = {
			isa = XCBuildConfiguration;
			buildSettings = {
				ALWAYS_SEARCH_USER_PATHS = NO;
				CLANG_CXX_LANGUAGE_STANDARD = "gnu++0x";
				CLANG_CXX_LIBRARY = "libc++";
				CLANG_ENABLE_MODULES = YES;
				CLANG_ENABLE_OBJC_ARC = YES;
				CLANG_WARN_BOOL_CONVERSION = YES;
				CLANG_WARN_CONSTANT_CONVERSION = YES;
				CLANG_WARN_DIRECT_OBJC_ISA_USAGE = YES_ERROR;
				CLANG_WARN_EMPTY_BODY = YES;
				CLANG_WARN_ENUM_CONVERSION = YES;
				CLANG_WARN_INT_CONVERSION = YES;
				CLANG_WARN_OBJC_ROOT_CLASS = YES_ERROR;
				CLANG_WARN__DUPLICATE_METHOD_MATCH = YES;
				"CODE_SIGN_IDENTITY[sdk=iphoneos*]" = "iPhone Developer";
				COPY_PHASE_STRIP = NO;
				GCC_C_LANGUAGE_STANDARD = gnu99;
				GCC_DYNAMIC_NO_PIC = NO;
				GCC_OPTIMIZATION_LEVEL = 0;
				GCC_PREPROCESSOR_DEFINITIONS = (
					"DEBUG=1",
					"$(inherited)",
				);
				GCC_SYMBOLS_PRIVATE_EXTERN = NO;
				GCC_WARN_64_TO_32_BIT_CONVERSION = YES;
				GCC_WARN_ABOUT_RETURN_TYPE = YES_ERROR;
				GCC_WARN_UNDECLARED_SELECTOR = YES;
				GCC_WARN_UNINITIALIZED_AUTOS = YES_AGGRESSIVE;
				GCC_WARN_UNUSED_FUNCTION = YES;
				GCC_WARN_UNUSED_VARIABLE = YES;
				IPHONEOS_DEPLOYMENT_TARGET = 7.1;
				ONLY_ACTIVE_ARCH = YES;
				SDKROOT = iphoneos;
			};
			name = Debug;
		};
		E2CA961819B61EB3009740A0 /* Release */ = {
			isa = XCBuildConfiguration;
			buildSettings = {
				ALWAYS_SEARCH_USER_PATHS = NO;
				CLANG_CXX_LANGUAGE_STANDARD = "gnu++0x";
				CLANG_CXX_LIBRARY = "libc++";
				CLANG_ENABLE_MODULES = YES;
				CLANG_ENABLE_OBJC_ARC = YES;
				CLANG_WARN_BOOL_CONVERSION = YES;
				CLANG_WARN_CONSTANT_CONVERSION = YES;
				CLANG_WARN_DIRECT_OBJC_ISA_USAGE = YES_ERROR;
				CLANG_WARN_EMPTY_BODY = YES;
				CLANG_WARN_ENUM_CONVERSION = YES;
				CLANG_WARN_INT_CONVERSION = YES;
				CLANG_WARN_OBJC_ROOT_CLASS = YES_ERROR;
				CLANG_WARN__DUPLICATE_METHOD_MATCH = YES;
				"CODE_SIGN_IDENTITY[sdk=iphoneos*]" = "iPhone Developer";
				COPY_PHASE_STRIP = YES;
				ENABLE_NS_ASSERTIONS = NO;
				GCC_C_LANGUAGE_STANDARD = gnu99;
				GCC_WARN_64_TO_32_BIT_CONVERSION = YES;
				GCC_WARN_ABOUT_RETURN_TYPE = YES_ERROR;
				GCC_WARN_UNDECLARED_SELECTOR = YES;
				GCC_WARN_UNINITIALIZED_AUTOS = YES_AGGRESSIVE;
				GCC_WARN_UNUSED_FUNCTION = YES;
				GCC_WARN_UNUSED_VARIABLE = YES;
				IPHONEOS_DEPLOYMENT_TARGET = 7.1;
				SDKROOT = iphoneos;
				VALIDATE_PRODUCT = YES;
			};
			name = Release;
		};
		E2CA961A19B61EB3009740A0 /* Debug */ = {
			isa = XCBuildConfiguration;
			buildSettings = {
				ASSETCATALOG_COMPILER_APPICON_NAME = AppIcon;
				ASSETCATALOG_COMPILER_LAUNCHIMAGE_NAME = LaunchImage;
				GCC_PRECOMPILE_PREFIX_HEADER = YES;
				GCC_PREFIX_HEADER = "DemoMatchismo/DemoMatchismo-Prefix.pch";
				INFOPLIST_FILE = "DemoMatchismo/DemoMatchismo-Info.plist";
				PRODUCT_NAME = "$(TARGET_NAME)";
				WRAPPER_EXTENSION = app;
			};
			name = Debug;
		};
		E2CA961B19B61EB3009740A0 /* Release */ = {
			isa = XCBuildConfiguration;
			buildSettings = {
				ASSETCATALOG_COMPILER_APPICON_NAME = AppIcon;
				ASSETCATALOG_COMPILER_LAUNCHIMAGE_NAME = LaunchImage;
				GCC_PRECOMPILE_PREFIX_HEADER = YES;
				GCC_PREFIX_HEADER = "DemoMatchismo/DemoMatchismo-Prefix.pch";
				INFOPLIST_FILE = "DemoMatchismo/DemoMatchismo-Info.plist";
				PRODUCT_NAME = "$(TARGET_NAME)";
				WRAPPER_EXTENSION = app;
			};
			name = Release;
		};
		E2CA961D19B61EB3009740A0 /* Debug */ = {
			isa = XCBuildConfiguration;
			buildSettings = {
				BUNDLE_LOADER = "$(BUILT_PRODUCTS_DIR)/DemoMatchismo.app/DemoMatchismo";
				FRAMEWORK_SEARCH_PATHS = (
					"$(SDKROOT)/Developer/Library/Frameworks",
					"$(inherited)",
					"$(DEVELOPER_FRAMEWORKS_DIR)",
				);
				GCC_PRECOMPILE_PREFIX_HEADER = YES;
				GCC_PREFIX_HEADER = "DemoMatchismo/DemoMatchismo-Prefix.pch";
				GCC_PREPROCESSOR_DEFINITIONS = (
					"DEBUG=1",
					"$(inherited)",
				);
				INFOPLIST_FILE = "DemoMatchismoTests/DemoMatchismoTests-Info.plist";
				PRODUCT_NAME = "$(TARGET_NAME)";
				TEST_HOST = "$(BUNDLE_LOADER)";
				WRAPPER_EXTENSION = xctest;
			};
			name = Debug;
		};
		E2CA961E19B61EB3009740A0 /* Release */ = {
			isa = XCBuildConfiguration;
			buildSettings = {
				BUNDLE_LOADER = "$(BUILT_PRODUCTS_DIR)/DemoMatchismo.app/DemoMatchismo";
				FRAMEWORK_SEARCH_PATHS = (
					"$(SDKROOT)/Developer/Library/Frameworks",
					"$(inherited)",
					"$(DEVELOPER_FRAMEWORKS_DIR)",
				);
				GCC_PRECOMPILE_PREFIX_HEADER = YES;
				GCC_PREFIX_HEADER = "DemoMatchismo/DemoMatchismo-Prefix.pch";
				INFOPLIST_FILE = "DemoMatchismoTests/DemoMatchismoTests-Info.plist";
				PRODUCT_NAME = "$(TARGET_NAME)";
				TEST_HOST = "$(BUNDLE_LOADER)";
				WRAPPER_EXTENSION = xctest;
			};
			name = Release;
		};
/* End XCBuildConfiguration section */

/* Begin XCConfigurationList section */
		E2CA95E219B61EB3009740A0 /* Build configuration list for PBXProject "DemoMatchismo" */ = {
			isa = XCConfigurationList;
			buildConfigurations = (
				E2CA961719B61EB3009740A0 /* Debug */,
				E2CA961819B61EB3009740A0 /* Release */,
			);
			defaultConfigurationIsVisible = 0;
			defaultConfigurationName = Release;
		};
		E2CA961919B61EB3009740A0 /* Build configuration list for PBXNativeTarget "DemoMatchismo" */ = {
			isa = XCConfigurationList;
			buildConfigurations = (
				E2CA961A19B61EB3009740A0 /* Debug */,
				E2CA961B19B61EB3009740A0 /* Release */,
			);
			defaultConfigurationIsVisible = 0;
			defaultConfigurationName = Release;
		};
		E2CA961C19B61EB3009740A0 /* Build configuration list for PBXNativeTarget "DemoMatchismoTests" */ = {
			isa = XCConfigurationList;
			buildConfigurations = (
				E2CA961D19B61EB3009740A0 /* Debug */,
				E2CA961E19B61EB3009740A0 /* Release */,
			);
			defaultConfigurationIsVisible = 0;
			defaultConfigurationName = Release;
		};
/* End XCConfigurationList section */
	};
	rootObject = E2CA95DF19B61EB3009740A0 /* Project object */;
}
